
Microsoft Visual Studio Solution File, Format Version 12.00
# Visual Studio Version 16
VisualStudioVersion = 16.0.30002.166
MinimumVisualStudioVersion = 10.0.40219.1
Project("{FAE04EC0-301F-11D3-BF4B-00C04F79EFBC}") = "Afx.Data.MySql.Entity", "NET40\Afx.Data.MySql.Entity\Afx.Data.MySql.Entity.csproj", "{EBDF89D6-CA57-4967-8315-AD5A7C797F20}"
EndProject
Global
	GlobalSection(SolutionConfigurationPlatforms) = preSolution
		Debug|Any CPU = Debug|Any CPU
		Release|Any CPU = Release|Any CPU
	EndGlobalSection
	GlobalSection(ProjectConfigurationPlatforms) = postSolution
		{EBDF89D6-CA57-4967-8315-AD5A7C797F20}.Debug|Any CPU.ActiveCfg = Debug|Any CPU
		{EBDF89D6-CA57-4967-8315-AD5A7C797F20}.Debug|Any CPU.Build.0 = Debug|Any CPU
		{EBDF89D6-CA57-4967-8315-AD5A7C797F20}.Release|Any CPU.ActiveCfg = Release|Any CPU
		{EBDF89D6-CA57-4967-8315-AD5A7C797F20}.Release|Any CPU.Build.0 = Release|Any CPU
	EndGlobalSection
	GlobalSection(SolutionProperties) = preSolution
		HideSolutionNode = FALSE
	EndGlobalSection
	GlobalSection(ExtensibilityGlobals) = postSolution
		SolutionGuid = {38C2023C-4EB2-4EF7-B463-C530D149DE87}
	EndGlobalSection
EndGlobal
